
Microsoft Visual Studio Solution File, Format Version 12.00
# Visual Studio Version 17
VisualStudioVersion = 17.4.33213.308
MinimumVisualStudioVersion = 10.0.40219.1
Project("{9A19103F-16F7-4668-BE54-9A1E7A4F7556}") = "CVU.CONDICA.Server", "CVU.CONDICA\Server\CVU.CONDICA.Server.csproj", "{80887A2B-2B45-41EE-87D7-8ECE352B24E7}"
EndProject
Project("{9A19103F-16F7-4668-BE54-9A1E7A4F7556}") = "CVU.CONDICA.Client", "CVU.CONDICA\Client\CVU.CONDICA.Client.csproj", "{393AE5A1-EA28-40C3-9B58-9F969CE2681D}"
EndProject
Project("{2150E333-8FDC-42A3-9474-1A3956D46DE8}") = "Data", "Data", "{AB163BEA-D125-4431-9340-7E0E873FCC16}"
EndProject
Project("{9A19103F-16F7-4668-BE54-9A1E7A4F7556}") = "CVU.CONDICA.Persistence", "CVU.CONDICA.Persistence\CVU.CONDICA.Persistence.csproj", "{E67BFCB8-6851-4822-87FA-E3DA6738B996}"
EndProject
Project("{2150E333-8FDC-42A3-9474-1A3956D46DE8}") = "Application", "Application", "{D3844F72-69D1-4119-BCB8-ABA563507572}"
EndProject
Project("{9A19103F-16F7-4668-BE54-9A1E7A4F7556}") = "CVU.CONDICA.Application", "CVU.CONDICA.Application\CVU.CONDICA.Application.csproj", "{3427F1DB-F5E6-4E55-9E22-E7576075268E}"
EndProject
Project("{9A19103F-16F7-4668-BE54-9A1E7A4F7556}") = "CVU.CONDICA.Infrastructure", "CVU.CONDICA.Infrastructure\CVU.CONDICA.Infrastructure.csproj", "{651F6FE8-3E3D-4673-8BBA-364FA6BCBE73}"
EndProject
Project("{2150E333-8FDC-42A3-9474-1A3956D46DE8}") = "Shared", "Shared", "{AFAD4F49-1652-4BAF-B6F4-BCD0BC8199D1}"
EndProject
Project("{9A19103F-16F7-4668-BE54-9A1E7A4F7556}") = "CVU.CONDICA.Common", "CVU.CONDICA.Common\CVU.CONDICA.Common.csproj", "{55820563-3713-4F9D-85FA-C9B1CC6EC250}"
EndProject
Project("{9A19103F-16F7-4668-BE54-9A1E7A4F7556}") = "CVU.CONDICA.ExceptionHandling", "CVU.CONDICA.ExceptionHandling\CVU.CONDICA.ExceptionHandling.csproj", "{7A4EF840-348D-4A4F-AC47-0E6AD70C3041}"
EndProject
Project("{9A19103F-16F7-4668-BE54-9A1E7A4F7556}") = "CVU.CONDICA.ExceptionHandling.Models", "CVU.CONDICA.ExceptionHandling.Models\CVU.CONDICA.ExceptionHandling.Models.csproj", "{8FE7051D-1348-42D8-937A-52D11BEA9E1A}"
EndProject
Project("{9A19103F-16F7-4668-BE54-9A1E7A4F7556}") = "CVU.CONDICA.Dto", "CVU.CONDICA.Dto\CVU.CONDICA.Dto.csproj", "{E049022E-D8F9-4CE4-BA54-EA1DD3F81BC0}"
EndProject
Project("{9A19103F-16F7-4668-BE54-9A1E7A4F7556}") = "CVU.CONDICA.Shared", "CVU.CONDICA.Shared\CVU.CONDICA.Shared.csproj", "{A53F75CD-AA77-42A3-800F-C3068F3AF10C}"
EndProject
Global
	GlobalSection(SolutionConfigurationPlatforms) = preSolution
		Debug|Any CPU = Debug|Any CPU
		Release|Any CPU = Release|Any CPU
	EndGlobalSection
	GlobalSection(ProjectConfigurationPlatforms) = postSolution
		{80887A2B-2B45-41EE-87D7-8ECE352B24E7}.Debug|Any CPU.ActiveCfg = Debug|Any CPU
		{80887A2B-2B45-41EE-87D7-8ECE352B24E7}.Debug|Any CPU.Build.0 = Debug|Any CPU
		{80887A2B-2B45-41EE-87D7-8ECE352B24E7}.Release|Any CPU.ActiveCfg = Release|Any CPU
		{80887A2B-2B45-41EE-87D7-8ECE352B24E7}.Release|Any CPU.Build.0 = Release|Any CPU
		{393AE5A1-EA28-40C3-9B58-9F969CE2681D}.Debug|Any CPU.ActiveCfg = Debug|Any CPU
		{393AE5A1-EA28-40C3-9B58-9F969CE2681D}.Debug|Any CPU.Build.0 = Debug|Any CPU
		{393AE5A1-EA28-40C3-9B58-9F969CE2681D}.Release|Any CPU.ActiveCfg = Release|Any CPU
		{393AE5A1-EA28-40C3-9B58-9F969CE2681D}.Release|Any CPU.Build.0 = Release|Any CPU
		{E67BFCB8-6851-4822-87FA-E3DA6738B996}.Debug|Any CPU.ActiveCfg = Debug|Any CPU
		{E67BFCB8-6851-4822-87FA-E3DA6738B996}.Debug|Any CPU.Build.0 = Debug|Any CPU
		{E67BFCB8-6851-4822-87FA-E3DA6738B996}.Release|Any CPU.ActiveCfg = Release|Any CPU
		{E67BFCB8-6851-4822-87FA-E3DA6738B996}.Release|Any CPU.Build.0 = Release|Any CPU
		{3427F1DB-F5E6-4E55-9E22-E7576075268E}.Debug|Any CPU.ActiveCfg = Debug|Any CPU
		{3427F1DB-F5E6-4E55-9E22-E7576075268E}.Debug|Any CPU.Build.0 = Debug|Any CPU
		{3427F1DB-F5E6-4E55-9E22-E7576075268E}.Release|Any CPU.ActiveCfg = Release|Any CPU
		{3427F1DB-F5E6-4E55-9E22-E7576075268E}.Release|Any CPU.Build.0 = Release|Any CPU
		{651F6FE8-3E3D-4673-8BBA-364FA6BCBE73}.Debug|Any CPU.ActiveCfg = Debug|Any CPU
		{651F6FE8-3E3D-4673-8BBA-364FA6BCBE73}.Debug|Any CPU.Build.0 = Debug|Any CPU
		{651F6FE8-3E3D-4673-8BBA-364FA6BCBE73}.Release|Any CPU.ActiveCfg = Release|Any CPU
		{651F6FE8-3E3D-4673-8BBA-364FA6BCBE73}.Release|Any CPU.Build.0 = Release|Any CPU
		{55820563-3713-4F9D-85FA-C9B1CC6EC250}.Debug|Any CPU.ActiveCfg = Debug|Any CPU
		{55820563-3713-4F9D-85FA-C9B1CC6EC250}.Debug|Any CPU.Build.0 = Debug|Any CPU
		{55820563-3713-4F9D-85FA-C9B1CC6EC250}.Release|Any CPU.ActiveCfg = Release|Any CPU
		{55820563-3713-4F9D-85FA-C9B1CC6EC250}.Release|Any CPU.Build.0 = Release|Any CPU
		{7A4EF840-348D-4A4F-AC47-0E6AD70C3041}.Debug|Any CPU.ActiveCfg = Debug|Any CPU
		{7A4EF840-348D-4A4F-AC47-0E6AD70C3041}.Debug|Any CPU.Build.0 = Debug|Any CPU
		{7A4EF840-348D-4A4F-AC47-0E6AD70C3041}.Release|Any CPU.ActiveCfg = Release|Any CPU
		{7A4EF840-348D-4A4F-AC47-0E6AD70C3041}.Release|Any CPU.Build.0 = Release|Any CPU
		{8FE7051D-1348-42D8-937A-52D11BEA9E1A}.Debug|Any CPU.ActiveCfg = Debug|Any CPU
		{8FE7051D-1348-42D8-937A-52D11BEA9E1A}.Debug|Any CPU.Build.0 = Debug|Any CPU
		{8FE7051D-1348-42D8-937A-52D11BEA9E1A}.Release|Any CPU.ActiveCfg = Release|Any CPU
		{8FE7051D-1348-42D8-937A-52D11BEA9E1A}.Release|Any CPU.Build.0 = Release|Any CPU
		{E049022E-D8F9-4CE4-BA54-EA1DD3F81BC0}.Debug|Any CPU.ActiveCfg = Debug|Any CPU
		{E049022E-D8F9-4CE4-BA54-EA1DD3F81BC0}.Debug|Any CPU.Build.0 = Debug|Any CPU
		{E049022E-D8F9-4CE4-BA54-EA1DD3F81BC0}.Release|Any CPU.ActiveCfg = Release|Any CPU
		{E049022E-D8F9-4CE4-BA54-EA1DD3F81BC0}.Release|Any CPU.Build.0 = Release|Any CPU
		{A53F75CD-AA77-42A3-800F-C3068F3AF10C}.Debug|Any CPU.ActiveCfg = Debug|Any CPU
		{A53F75CD-AA77-42A3-800F-C3068F3AF10C}.Debug|Any CPU.Build.0 = Debug|Any CPU
		{A53F75CD-AA77-42A3-800F-C3068F3AF10C}.Release|Any CPU.ActiveCfg = Release|Any CPU
		{A53F75CD-AA77-42A3-800F-C3068F3AF10C}.Release|Any CPU.Build.0 = Release|Any CPU
	EndGlobalSection
	GlobalSection(SolutionProperties) = preSolution
		HideSolutionNode = FALSE
	EndGlobalSection
	GlobalSection(NestedProjects) = preSolution
		{E67BFCB8-6851-4822-87FA-E3DA6738B996} = {AB163BEA-D125-4431-9340-7E0E873FCC16}
		{3427F1DB-F5E6-4E55-9E22-E7576075268E} = {D3844F72-69D1-4119-BCB8-ABA563507572}
		{651F6FE8-3E3D-4673-8BBA-364FA6BCBE73} = {D3844F72-69D1-4119-BCB8-ABA563507572}
		{55820563-3713-4F9D-85FA-C9B1CC6EC250} = {AFAD4F49-1652-4BAF-B6F4-BCD0BC8199D1}
		{7A4EF840-348D-4A4F-AC47-0E6AD70C3041} = {AFAD4F49-1652-4BAF-B6F4-BCD0BC8199D1}
		{8FE7051D-1348-42D8-937A-52D11BEA9E1A} = {AFAD4F49-1652-4BAF-B6F4-BCD0BC8199D1}
		{E049022E-D8F9-4CE4-BA54-EA1DD3F81BC0} = {AFAD4F49-1652-4BAF-B6F4-BCD0BC8199D1}
	EndGlobalSection
	GlobalSection(ExtensibilityGlobals) = postSolution
		SolutionGuid = {711DD400-B2AE-4622-97FF-295D156B7B2F}
	EndGlobalSection
EndGlobal
